{
  "requires": true,
  "lockfileVersion": 1,
  "dependencies": {
    "expo-location": {
      "version": "9.0.1",
      "resolved": "https://registry.npmjs.org/expo-location/-/expo-location-9.0.1.tgz",
      "integrity": "sha512-yl4V2IelxrjG1h3nshkyILwghysNJvvEuR4Of0U7oYAsBrT0cq8NxFuaDemRvqt9Yb19wVFNMoVtYFNpthcqpQ=="
    }
  }
}
